// !$*UTF8*$!
{
	archiveVersion = 1;
	classes = {
	};
	objectVersion = 55;
	objects = {

/* Begin PBXBuildFile section */
		4D028906280AE3310053D15D /* GoogleSignIn in Frameworks */ = {isa = PBXBuildFile; productRef = 4D028905280AE3310053D15D /* GoogleSignIn */; };
		4D028909280B16E30053D15D /* AuthViewModel.swift in Sources */ = {isa = PBXBuildFile; fileRef = 4D028908280B16E30053D15D /* AuthViewModel.swift */; };
		4D02890B280B196B0053D15D /* GoogleSignInButton.swift in Sources */ = {isa = PBXBuildFile; fileRef = 4D02890A280B196B0053D15D /* GoogleSignInButton.swift */; };
		4D02890D280B304B0053D15D /* MyInformationView.swift in Sources */ = {isa = PBXBuildFile; fileRef = 4D02890C280B304B0053D15D /* MyInformationView.swift */; };
		4D0F05CB280793FA0030AB5B /* TransactionView.swift in Sources */ = {isa = PBXBuildFile; fileRef = 4D0F05CA280793FA0030AB5B /* TransactionView.swift */; };
		4D1E973F28085459003C8802 /* WelcomeScreenView.swift in Sources */ = {isa = PBXBuildFile; fileRef = 4D1E973E28085459003C8802 /* WelcomeScreenView.swift */; };
		4D1E974228085626003C8802 /* TransactionCategoriesView.swift in Sources */ = {isa = PBXBuildFile; fileRef = 4D1E974128085626003C8802 /* TransactionCategoriesView.swift */; };
		4D1E9744280857B6003C8802 /* LoginView.swift in Sources */ = {isa = PBXBuildFile; fileRef = 4D1E9743280857B6003C8802 /* LoginView.swift */; };
		4D1E974728085FBF003C8802 /* Transaction+CoreDataClass.swift in Sources */ = {isa = PBXBuildFile; fileRef = 4D1E974528085FBF003C8802 /* Transaction+CoreDataClass.swift */; };
		4D1E974828085FBF003C8802 /* Transaction+CoreDataProperties.swift in Sources */ = {isa = PBXBuildFile; fileRef = 4D1E974628085FBF003C8802 /* Transaction+CoreDataProperties.swift */; };
		4D2255322809B65C00C80851 /* Utility.swift in Sources */ = {isa = PBXBuildFile; fileRef = 4D2255312809B65C00C80851 /* Utility.swift */; };
		4D225534280A1F4500C80851 /* GoogleService-Info.plist in Resources */ = {isa = PBXBuildFile; fileRef = 4D225533280A1F4500C80851 /* GoogleService-Info.plist */; };
		4D225537280A2EFA00C80851 /* FirebaseAnalytics in Frameworks */ = {isa = PBXBuildFile; productRef = 4D225536280A2EFA00C80851 /* FirebaseAnalytics */; };
		4D225539280A2EFA00C80851 /* FirebaseAuth in Frameworks */ = {isa = PBXBuildFile; productRef = 4D225538280A2EFA00C80851 /* FirebaseAuth */; };
		4D22553B280A2EFA00C80851 /* FirebaseMessaging in Frameworks */ = {isa = PBXBuildFile; productRef = 4D22553A280A2EFA00C80851 /* FirebaseMessaging */; };
		4D22553D280A39F600C80851 /* SignInView.swift in Sources */ = {isa = PBXBuildFile; fileRef = 4D22553C280A39F600C80851 /* SignInView.swift */; };
		4D3563A3280DC39D007B83B0 /* ErrorEnums.swift in Sources */ = {isa = PBXBuildFile; fileRef = 4D3563A2280DC39D007B83B0 /* ErrorEnums.swift */; };
		4D3563A5280E102E007B83B0 /* SettingsRowsView.swift in Sources */ = {isa = PBXBuildFile; fileRef = 4D3563A4280E102E007B83B0 /* SettingsRowsView.swift */; };
		4D423DB0280F680300565641 /* NotificationsView.swift in Sources */ = {isa = PBXBuildFile; fileRef = 4D423DAF280F680300565641 /* NotificationsView.swift */; };
		4D4B3E6C280C4AB100B78860 /* SignUpView.swift in Sources */ = {isa = PBXBuildFile; fileRef = 4D4B3E6B280C4AB100B78860 /* SignUpView.swift */; };
		4D63BAE52808E42C00132E44 /* TransactionCategory+CoreDataClass.swift in Sources */ = {isa = PBXBuildFile; fileRef = 4D63BAE32808E42C00132E44 /* TransactionCategory+CoreDataClass.swift */; };
		4D63BAE62808E42C00132E44 /* TransactionCategory+CoreDataProperties.swift in Sources */ = {isa = PBXBuildFile; fileRef = 4D63BAE42808E42C00132E44 /* TransactionCategory+CoreDataProperties.swift */; };
		4D68FC39280E3B3C00B9C5E4 /* FriendsView.swift in Sources */ = {isa = PBXBuildFile; fileRef = 4D68FC38280E3B3C00B9C5E4 /* FriendsView.swift */; };
		4D68FC45280E4A1800B9C5E4 /* ConnectFriendView.swift in Sources */ = {isa = PBXBuildFile; fileRef = 4D68FC44280E4A1800B9C5E4 /* ConnectFriendView.swift */; };
		4D6AC16D280CD86C00B8EA41 /* ErrorHandling.swift in Sources */ = {isa = PBXBuildFile; fileRef = 4D6AC16C280CD86C00B8EA41 /* ErrorHandling.swift */; };
		4D6AC16F280CDF2E00B8EA41 /* TryButton.swift in Sources */ = {isa = PBXBuildFile; fileRef = 4D6AC16E280CDF2E00B8EA41 /* TryButton.swift */; };
		4DC4BDB1280B8457009E5859 /* Roboto-Medium.ttf in Resources */ = {isa = PBXBuildFile; fileRef = 4DC4BDB0280B8457009E5859 /* Roboto-Medium.ttf */; };
		4DC4BDB3280B915E009E5859 /* EditPhoneView.swift in Sources */ = {isa = PBXBuildFile; fileRef = 4DC4BDB2280B915E009E5859 /* EditPhoneView.swift */; };
		4DFA1E61281041940065197D /* FirebaseFirestore in Frameworks */ = {isa = PBXBuildFile; productRef = 4DFA1E60281041940065197D /* FirebaseFirestore */; };
		4DFD3D9628073E4A00D5FFB4 /* BudgetApp.swift in Sources */ = {isa = PBXBuildFile; fileRef = 4DFD3D9528073E4A00D5FFB4 /* BudgetApp.swift */; };
		4DFD3D9828073E4A00D5FFB4 /* ContentView.swift in Sources */ = {isa = PBXBuildFile; fileRef = 4DFD3D9728073E4A00D5FFB4 /* ContentView.swift */; };
		4DFD3D9A28073E4B00D5FFB4 /* Assets.xcassets in Resources */ = {isa = PBXBuildFile; fileRef = 4DFD3D9928073E4B00D5FFB4 /* Assets.xcassets */; };
		4DFD3D9D28073E4B00D5FFB4 /* Preview Assets.xcassets in Resources */ = {isa = PBXBuildFile; fileRef = 4DFD3D9C28073E4B00D5FFB4 /* Preview Assets.xcassets */; };
		4DFD3D9F28073E4B00D5FFB4 /* Persistence.swift in Sources */ = {isa = PBXBuildFile; fileRef = 4DFD3D9E28073E4B00D5FFB4 /* Persistence.swift */; };
		4DFD3DA228073E4B00D5FFB4 /* Budget.xcdatamodeld in Sources */ = {isa = PBXBuildFile; fileRef = 4DFD3DA028073E4B00D5FFB4 /* Budget.xcdatamodeld */; };
		4DFD3DAA2807406800D5FFB4 /* HomeView.swift in Sources */ = {isa = PBXBuildFile; fileRef = 4DFD3DA92807406800D5FFB4 /* HomeView.swift */; };
		4DFD3DAC2807407D00D5FFB4 /* TransactionsView.swift in Sources */ = {isa = PBXBuildFile; fileRef = 4DFD3DAB2807407D00D5FFB4 /* TransactionsView.swift */; };
		4DFD3DAE2807409D00D5FFB4 /* HistoryView.swift in Sources */ = {isa = PBXBuildFile; fileRef = 4DFD3DAD2807409D00D5FFB4 /* HistoryView.swift */; };
		4DFD3DB4280740E000D5FFB4 /* SettingsView.swift in Sources */ = {isa = PBXBuildFile; fileRef = 4DFD3DB3280740E000D5FFB4 /* SettingsView.swift */; };
		4DFD3DB6280740F300D5FFB4 /* QuickBalanceView.swift in Sources */ = {isa = PBXBuildFile; fileRef = 4DFD3DB5280740F300D5FFB4 /* QuickBalanceView.swift */; };
		4DFD3DBE2807414500D5FFB4 /* TransactionType.swift in Sources */ = {isa = PBXBuildFile; fileRef = 4DFD3DBD2807414500D5FFB4 /* TransactionType.swift */; };
		4DFD3DC52807432000D5FFB4 /* Localizable.strings in Resources */ = {isa = PBXBuildFile; fileRef = 4DFD3DC72807432000D5FFB4 /* Localizable.strings */; };
		4DFF75A4281066BF00C40FF6 /* FirestoreViewModel.swift in Sources */ = {isa = PBXBuildFile; fileRef = 4DFF75A3281066BF00C40FF6 /* FirestoreViewModel.swift */; };
		4DFF75A72810691800C40FF6 /* Friend+CoreDataClass.swift in Sources */ = {isa = PBXBuildFile; fileRef = 4DFF75A52810691800C40FF6 /* Friend+CoreDataClass.swift */; };
		4DFF75A82810691800C40FF6 /* Friend+CoreDataProperties.swift in Sources */ = {isa = PBXBuildFile; fileRef = 4DFF75A62810691800C40FF6 /* Friend+CoreDataProperties.swift */; };
		4DFF75AC28106E3100C40FF6 /* AddFriendView.swift in Sources */ = {isa = PBXBuildFile; fileRef = 4DFF75AB28106E3100C40FF6 /* AddFriendView.swift */; };
		4DFF75B12810739E00C40FF6 /* EditFriendNameView.swift in Sources */ = {isa = PBXBuildFile; fileRef = 4DFF75B02810739E00C40FF6 /* EditFriendNameView.swift */; };
		4DFF75B32810772B00C40FF6 /* EditFriendPhoneView.swift in Sources */ = {isa = PBXBuildFile; fileRef = 4DFF75B22810772B00C40FF6 /* EditFriendPhoneView.swift */; };
		4DFF75B5281077E500C40FF6 /* FriendDetailView.swift in Sources */ = {isa = PBXBuildFile; fileRef = 4DFF75B4281077E500C40FF6 /* FriendDetailView.swift */; };
/* End PBXBuildFile section */

/* Begin PBXFileReference section */
		4D028907280AE3590053D15D /* Info.plist */ = {isa = PBXFileReference; lastKnownFileType = text.plist; path = Info.plist; sourceTree = "<group>"; };
		4D028908280B16E30053D15D /* AuthViewModel.swift */ = {isa = PBXFileReference; lastKnownFileType = sourcecode.swift; path = AuthViewModel.swift; sourceTree = "<group>"; };
		4D02890A280B196B0053D15D /* GoogleSignInButton.swift */ = {isa = PBXFileReference; lastKnownFileType = sourcecode.swift; path = GoogleSignInButton.swift; sourceTree = "<group>"; };
		4D02890C280B304B0053D15D /* MyInformationView.swift */ = {isa = PBXFileReference; lastKnownFileType = sourcecode.swift; path = MyInformationView.swift; sourceTree = "<group>"; };
		4D0F05CA280793FA0030AB5B /* TransactionView.swift */ = {isa = PBXFileReference; lastKnownFileType = sourcecode.swift; path = TransactionView.swift; sourceTree = "<group>"; };
		4D1E973E28085459003C8802 /* WelcomeScreenView.swift */ = {isa = PBXFileReference; lastKnownFileType = sourcecode.swift; path = WelcomeScreenView.swift; sourceTree = "<group>"; };
		4D1E974128085626003C8802 /* TransactionCategoriesView.swift */ = {isa = PBXFileReference; lastKnownFileType = sourcecode.swift; path = TransactionCategoriesView.swift; sourceTree = "<group>"; };
		4D1E9743280857B6003C8802 /* LoginView.swift */ = {isa = PBXFileReference; lastKnownFileType = sourcecode.swift; path = LoginView.swift; sourceTree = "<group>"; };
		4D1E974528085FBF003C8802 /* Transaction+CoreDataClass.swift */ = {isa = PBXFileReference; lastKnownFileType = sourcecode.swift; path = "Transaction+CoreDataClass.swift"; sourceTree = "<group>"; };
		4D1E974628085FBF003C8802 /* Transaction+CoreDataProperties.swift */ = {isa = PBXFileReference; lastKnownFileType = sourcecode.swift; path = "Transaction+CoreDataProperties.swift"; sourceTree = "<group>"; };
		4D2255312809B65C00C80851 /* Utility.swift */ = {isa = PBXFileReference; lastKnownFileType = sourcecode.swift; path = Utility.swift; sourceTree = "<group>"; };
		4D225533280A1F4500C80851 /* GoogleService-Info.plist */ = {isa = PBXFileReference; fileEncoding = 4; lastKnownFileType = text.plist.xml; path = "GoogleService-Info.plist"; sourceTree = "<group>"; };
		4D22553C280A39F600C80851 /* SignInView.swift */ = {isa = PBXFileReference; lastKnownFileType = sourcecode.swift; path = SignInView.swift; sourceTree = "<group>"; };
		4D3563A2280DC39D007B83B0 /* ErrorEnums.swift */ = {isa = PBXFileReference; lastKnownFileType = sourcecode.swift; path = ErrorEnums.swift; sourceTree = "<group>"; };
		4D3563A4280E102E007B83B0 /* SettingsRowsView.swift */ = {isa = PBXFileReference; lastKnownFileType = sourcecode.swift; path = SettingsRowsView.swift; sourceTree = "<group>"; };
		4D423DAF280F680300565641 /* NotificationsView.swift */ = {isa = PBXFileReference; lastKnownFileType = sourcecode.swift; path = NotificationsView.swift; sourceTree = "<group>"; };
		4D4B3E6B280C4AB100B78860 /* SignUpView.swift */ = {isa = PBXFileReference; lastKnownFileType = sourcecode.swift; path = SignUpView.swift; sourceTree = "<group>"; };
		4D63BAE32808E42C00132E44 /* TransactionCategory+CoreDataClass.swift */ = {isa = PBXFileReference; lastKnownFileType = sourcecode.swift; path = "TransactionCategory+CoreDataClass.swift"; sourceTree = "<group>"; };
		4D63BAE42808E42C00132E44 /* TransactionCategory+CoreDataProperties.swift */ = {isa = PBXFileReference; lastKnownFileType = sourcecode.swift; path = "TransactionCategory+CoreDataProperties.swift"; sourceTree = "<group>"; };
		4D68FC38280E3B3C00B9C5E4 /* FriendsView.swift */ = {isa = PBXFileReference; lastKnownFileType = sourcecode.swift; path = FriendsView.swift; sourceTree = "<group>"; };
		4D68FC44280E4A1800B9C5E4 /* ConnectFriendView.swift */ = {isa = PBXFileReference; lastKnownFileType = sourcecode.swift; path = ConnectFriendView.swift; sourceTree = "<group>"; };
		4D6AC16C280CD86C00B8EA41 /* ErrorHandling.swift */ = {isa = PBXFileReference; lastKnownFileType = sourcecode.swift; path = ErrorHandling.swift; sourceTree = "<group>"; };
		4D6AC16E280CDF2E00B8EA41 /* TryButton.swift */ = {isa = PBXFileReference; lastKnownFileType = sourcecode.swift; path = TryButton.swift; sourceTree = "<group>"; };
		4DC4BDB0280B8457009E5859 /* Roboto-Medium.ttf */ = {isa = PBXFileReference; lastKnownFileType = file; path = "Roboto-Medium.ttf"; sourceTree = "<group>"; };
		4DC4BDB2280B915E009E5859 /* EditPhoneView.swift */ = {isa = PBXFileReference; lastKnownFileType = sourcecode.swift; path = EditPhoneView.swift; sourceTree = "<group>"; };
		4DFD3D9228073E4A00D5FFB4 /* Budget.app */ = {isa = PBXFileReference; explicitFileType = wrapper.application; includeInIndex = 0; path = Budget.app; sourceTree = BUILT_PRODUCTS_DIR; };
		4DFD3D9528073E4A00D5FFB4 /* BudgetApp.swift */ = {isa = PBXFileReference; lastKnownFileType = sourcecode.swift; path = BudgetApp.swift; sourceTree = "<group>"; };
		4DFD3D9728073E4A00D5FFB4 /* ContentView.swift */ = {isa = PBXFileReference; lastKnownFileType = sourcecode.swift; path = ContentView.swift; sourceTree = "<group>"; };
		4DFD3D9928073E4B00D5FFB4 /* Assets.xcassets */ = {isa = PBXFileReference; lastKnownFileType = folder.assetcatalog; path = Assets.xcassets; sourceTree = "<group>"; };
		4DFD3D9C28073E4B00D5FFB4 /* Preview Assets.xcassets */ = {isa = PBXFileReference; lastKnownFileType = folder.assetcatalog; path = "Preview Assets.xcassets"; sourceTree = "<group>"; };
		4DFD3D9E28073E4B00D5FFB4 /* Persistence.swift */ = {isa = PBXFileReference; lastKnownFileType = sourcecode.swift; path = Persistence.swift; sourceTree = "<group>"; };
		4DFD3DA128073E4B00D5FFB4 /* Budget.xcdatamodel */ = {isa = PBXFileReference; lastKnownFileType = wrapper.xcdatamodel; path = Budget.xcdatamodel; sourceTree = "<group>"; };
		4DFD3DA92807406800D5FFB4 /* HomeView.swift */ = {isa = PBXFileReference; lastKnownFileType = sourcecode.swift; path = HomeView.swift; sourceTree = "<group>"; };
		4DFD3DAB2807407D00D5FFB4 /* TransactionsView.swift */ = {isa = PBXFileReference; lastKnownFileType = sourcecode.swift; path = TransactionsView.swift; sourceTree = "<group>"; };
		4DFD3DAD2807409D00D5FFB4 /* HistoryView.swift */ = {isa = PBXFileReference; lastKnownFileType = sourcecode.swift; path = HistoryView.swift; sourceTree = "<group>"; };
		4DFD3DB3280740E000D5FFB4 /* SettingsView.swift */ = {isa = PBXFileReference; lastKnownFileType = sourcecode.swift; path = SettingsView.swift; sourceTree = "<group>"; };
		4DFD3DB5280740F300D5FFB4 /* QuickBalanceView.swift */ = {isa = PBXFileReference; lastKnownFileType = sourcecode.swift; path = QuickBalanceView.swift; sourceTree = "<group>"; };
		4DFD3DBD2807414500D5FFB4 /* TransactionType.swift */ = {isa = PBXFileReference; lastKnownFileType = sourcecode.swift; path = TransactionType.swift; sourceTree = "<group>"; };
		4DFD3DC62807432000D5FFB4 /* en */ = {isa = PBXFileReference; lastKnownFileType = text.plist.strings; name = en; path = en.lproj/Localizable.strings; sourceTree = "<group>"; };
		4DFD3DC82807432200D5FFB4 /* sv */ = {isa = PBXFileReference; lastKnownFileType = text.plist.strings; name = sv; path = sv.lproj/Localizable.strings; sourceTree = "<group>"; };
		4DFF75A3281066BF00C40FF6 /* FirestoreViewModel.swift */ = {isa = PBXFileReference; lastKnownFileType = sourcecode.swift; path = FirestoreViewModel.swift; sourceTree = "<group>"; };
		4DFF75A52810691800C40FF6 /* Friend+CoreDataClass.swift */ = {isa = PBXFileReference; lastKnownFileType = sourcecode.swift; path = "Friend+CoreDataClass.swift"; sourceTree = "<group>"; };
		4DFF75A62810691800C40FF6 /* Friend+CoreDataProperties.swift */ = {isa = PBXFileReference; lastKnownFileType = sourcecode.swift; path = "Friend+CoreDataProperties.swift"; sourceTree = "<group>"; };
		4DFF75AB28106E3100C40FF6 /* AddFriendView.swift */ = {isa = PBXFileReference; lastKnownFileType = sourcecode.swift; path = AddFriendView.swift; sourceTree = "<group>"; };
		4DFF75B02810739E00C40FF6 /* EditFriendNameView.swift */ = {isa = PBXFileReference; lastKnownFileType = sourcecode.swift; path = EditFriendNameView.swift; sourceTree = "<group>"; };
		4DFF75B22810772B00C40FF6 /* EditFriendPhoneView.swift */ = {isa = PBXFileReference; lastKnownFileType = sourcecode.swift; path = EditFriendPhoneView.swift; sourceTree = "<group>"; };
		4DFF75B4281077E500C40FF6 /* FriendDetailView.swift */ = {isa = PBXFileReference; lastKnownFileType = sourcecode.swift; path = FriendDetailView.swift; sourceTree = "<group>"; };
/* End PBXFileReference section */

/* Begin PBXFrameworksBuildPhase section */
		4DFD3D8F28073E4A00D5FFB4 /* Frameworks */ = {
			isa = PBXFrameworksBuildPhase;
			buildActionMask = 2147483647;
			files = (
				4D22553B280A2EFA00C80851 /* FirebaseMessaging in Frameworks */,
				4D028906280AE3310053D15D /* GoogleSignIn in Frameworks */,
				4D225537280A2EFA00C80851 /* FirebaseAnalytics in Frameworks */,
				4DFA1E61281041940065197D /* FirebaseFirestore in Frameworks */,
				4D225539280A2EFA00C80851 /* FirebaseAuth in Frameworks */,
			);
			runOnlyForDeploymentPostprocessing = 0;
		};
/* End PBXFrameworksBuildPhase section */

/* Begin PBXGroup section */
		4D1E97402808560C003C8802 /* Welcome */ = {
			isa = PBXGroup;
			children = (
				4D1E973E28085459003C8802 /* WelcomeScreenView.swift */,
				4D1E9743280857B6003C8802 /* LoginView.swift */,
			);
			path = Welcome;
			sourceTree = "<group>";
		};
		4D22553E280A39FA00C80851 /* SignIn */ = {
			isa = PBXGroup;
			children = (
				4D22553C280A39F600C80851 /* SignInView.swift */,
				4D4B3E6B280C4AB100B78860 /* SignUpView.swift */,
				4D02890A280B196B0053D15D /* GoogleSignInButton.swift */,
			);
			path = SignIn;
			sourceTree = "<group>";
		};
		4D225543280A4A2E00C80851 /* Fonts */ = {
			isa = PBXGroup;
			children = (
				4DC4BDB0280B8457009E5859 /* Roboto-Medium.ttf */,
			);
			path = Fonts;
			sourceTree = "<group>";
		};
		4D3563A8280E1526007B83B0 /* MyInformation */ = {
			isa = PBXGroup;
			children = (
				4D02890C280B304B0053D15D /* MyInformationView.swift */,
				4DC4BDB2280B915E009E5859 /* EditPhoneView.swift */,
			);
			path = MyInformation;
			sourceTree = "<group>";
		};
		4D68FC3A280E405100B9C5E4 /* SettingsRows */ = {
			isa = PBXGroup;
			children = (
				4D68FC3B280E408300B9C5E4 /* Friends */,
				4D3563A4280E102E007B83B0 /* SettingsRowsView.swift */,
			);
			path = SettingsRows;
			sourceTree = "<group>";
		};
		4D68FC3B280E408300B9C5E4 /* Friends */ = {
			isa = PBXGroup;
			children = (
				4DFF75AF2810738500C40FF6 /* Edit */,
				4D68FC38280E3B3C00B9C5E4 /* FriendsView.swift */,
				4DFF75B4281077E500C40FF6 /* FriendDetailView.swift */,
				4DFF75AB28106E3100C40FF6 /* AddFriendView.swift */,
			);
			path = Friends;
			sourceTree = "<group>";
		};
		4D6AC170280CDF7700B8EA41 /* ErrorHandling */ = {
			isa = PBXGroup;
			children = (
				4D6AC16C280CD86C00B8EA41 /* ErrorHandling.swift */,
				4D6AC16E280CDF2E00B8EA41 /* TryButton.swift */,
				4D3563A2280DC39D007B83B0 /* ErrorEnums.swift */,
			);
			path = ErrorHandling;
			sourceTree = "<group>";
		};
		4DBD3150280F8453009F5D8E /* Frameworks */ = {
			isa = PBXGroup;
			children = (
			);
			name = Frameworks;
			sourceTree = "<group>";
		};
		4DFD3D8928073E4A00D5FFB4 = {
			isa = PBXGroup;
			children = (
				4DFD3D9428073E4A00D5FFB4 /* Budget */,
				4DFD3D9328073E4A00D5FFB4 /* Products */,
				4DBD3150280F8453009F5D8E /* Frameworks */,
			);
			sourceTree = "<group>";
		};
		4DFD3D9328073E4A00D5FFB4 /* Products */ = {
			isa = PBXGroup;
			children = (
				4DFD3D9228073E4A00D5FFB4 /* Budget.app */,
			);
			name = Products;
			sourceTree = "<group>";
		};
		4DFD3D9428073E4A00D5FFB4 /* Budget */ = {
			isa = PBXGroup;
			children = (
				4D028907280AE3590053D15D /* Info.plist */,
				4D6AC170280CDF7700B8EA41 /* ErrorHandling */,
				4D225543280A4A2E00C80851 /* Fonts */,
				4DFD3DBC2807412D00D5FFB4 /* Model */,
				4DFD3DA82807405D00D5FFB4 /* Views */,
				4DFF75A22810669600C40FF6 /* ViewModels */,
				4DFD3D9528073E4A00D5FFB4 /* BudgetApp.swift */,
				4DFD3D9728073E4A00D5FFB4 /* ContentView.swift */,
				4DFD3D9E28073E4B00D5FFB4 /* Persistence.swift */,
				4D2255312809B65C00C80851 /* Utility.swift */,
				4DFD3D9928073E4B00D5FFB4 /* Assets.xcassets */,
				4DFD3DA028073E4B00D5FFB4 /* Budget.xcdatamodeld */,
				4D225533280A1F4500C80851 /* GoogleService-Info.plist */,
				4DFD3D9B28073E4B00D5FFB4 /* Preview Content */,
				4DFD3DC72807432000D5FFB4 /* Localizable.strings */,
			);
			path = Budget;
			sourceTree = "<group>";
		};
		4DFD3D9B28073E4B00D5FFB4 /* Preview Content */ = {
			isa = PBXGroup;
			children = (
				4DFD3D9C28073E4B00D5FFB4 /* Preview Assets.xcassets */,
			);
			path = "Preview Content";
			sourceTree = "<group>";
		};
		4DFD3DA82807405D00D5FFB4 /* Views */ = {
			isa = PBXGroup;
			children = (
				4D22553E280A39FA00C80851 /* SignIn */,
				4D1E97402808560C003C8802 /* Welcome */,
				4DFD3DAF280740B200D5FFB4 /* Home */,
				4DFD3DB0280740BA00D5FFB4 /* Transactions */,
				4DFD3DB1280740C700D5FFB4 /* History */,
				4DFD3DB2280740D500D5FFB4 /* Settings */,
			);
			path = Views;
			sourceTree = "<group>";
		};
		4DFD3DAF280740B200D5FFB4 /* Home */ = {
			isa = PBXGroup;
			children = (
				4DFD3DA92807406800D5FFB4 /* HomeView.swift */,
				4D423DAF280F680300565641 /* NotificationsView.swift */,
			);
			path = Home;
			sourceTree = "<group>";
		};
		4DFD3DB0280740BA00D5FFB4 /* Transactions */ = {
			isa = PBXGroup;
			children = (
				4DFD3DAB2807407D00D5FFB4 /* TransactionsView.swift */,
				4D0F05CA280793FA0030AB5B /* TransactionView.swift */,
			);
			path = Transactions;
			sourceTree = "<group>";
		};
		4DFD3DB1280740C700D5FFB4 /* History */ = {
			isa = PBXGroup;
			children = (
				4DFD3DAD2807409D00D5FFB4 /* HistoryView.swift */,
			);
			path = History;
			sourceTree = "<group>";
		};
		4DFD3DB2280740D500D5FFB4 /* Settings */ = {
			isa = PBXGroup;
			children = (
				4D3563A8280E1526007B83B0 /* MyInformation */,
				4D68FC3A280E405100B9C5E4 /* SettingsRows */,
				4DFD3DB3280740E000D5FFB4 /* SettingsView.swift */,
				4DFD3DB5280740F300D5FFB4 /* QuickBalanceView.swift */,
				4D1E974128085626003C8802 /* TransactionCategoriesView.swift */,
			);
			path = Settings;
			sourceTree = "<group>";
		};
		4DFD3DBC2807412D00D5FFB4 /* Model */ = {
			isa = PBXGroup;
			children = (
				4DFF75A52810691800C40FF6 /* Friend+CoreDataClass.swift */,
				4DFF75A62810691800C40FF6 /* Friend+CoreDataProperties.swift */,
				4D1E974528085FBF003C8802 /* Transaction+CoreDataClass.swift */,
				4D1E974628085FBF003C8802 /* Transaction+CoreDataProperties.swift */,
				4DFD3DBD2807414500D5FFB4 /* TransactionType.swift */,
				4D63BAE32808E42C00132E44 /* TransactionCategory+CoreDataClass.swift */,
				4D63BAE42808E42C00132E44 /* TransactionCategory+CoreDataProperties.swift */,
			);
			path = Model;
			sourceTree = "<group>";
		};
		4DFF75A22810669600C40FF6 /* ViewModels */ = {
			isa = PBXGroup;
			children = (
				4D028908280B16E30053D15D /* AuthViewModel.swift */,
				4DFF75A3281066BF00C40FF6 /* FirestoreViewModel.swift */,
			);
			path = ViewModels;
			sourceTree = "<group>";
		};
		4DFF75AF2810738500C40FF6 /* Edit */ = {
			isa = PBXGroup;
			children = (
				4DFF75B02810739E00C40FF6 /* EditFriendNameView.swift */,
				4DFF75B22810772B00C40FF6 /* EditFriendPhoneView.swift */,
				4D68FC44280E4A1800B9C5E4 /* ConnectFriendView.swift */,
			);
			path = Edit;
			sourceTree = "<group>";
		};
/* End PBXGroup section */

/* Begin PBXNativeTarget section */
		4DFD3D9128073E4A00D5FFB4 /* Budget */ = {
			isa = PBXNativeTarget;
			buildConfigurationList = 4DFD3DA528073E4B00D5FFB4 /* Build configuration list for PBXNativeTarget "Budget" */;
			buildPhases = (
				4DFD3D8E28073E4A00D5FFB4 /* Sources */,
				4DFD3D8F28073E4A00D5FFB4 /* Frameworks */,
				4DFD3D9028073E4A00D5FFB4 /* Resources */,
			);
			buildRules = (
			);
			dependencies = (
			);
			name = Budget;
			packageProductDependencies = (
				4D225536280A2EFA00C80851 /* FirebaseAnalytics */,
				4D225538280A2EFA00C80851 /* FirebaseAuth */,
				4D22553A280A2EFA00C80851 /* FirebaseMessaging */,
				4D028905280AE3310053D15D /* GoogleSignIn */,
				4DFA1E60281041940065197D /* FirebaseFirestore */,
			);
			productName = Budget;
			productReference = 4DFD3D9228073E4A00D5FFB4 /* Budget.app */;
			productType = "com.apple.product-type.application";
		};
/* End PBXNativeTarget section */

/* Begin PBXProject section */
		4DFD3D8A28073E4A00D5FFB4 /* Project object */ = {
			isa = PBXProject;
			attributes = {
				BuildIndependentTargetsInParallel = 1;
				LastSwiftUpdateCheck = 1330;
				LastUpgradeCheck = 1330;
				TargetAttributes = {
					4DFD3D9128073E4A00D5FFB4 = {
						CreatedOnToolsVersion = 13.3.1;
					};
				};
			};
			buildConfigurationList = 4DFD3D8D28073E4A00D5FFB4 /* Build configuration list for PBXProject "Budget" */;
			compatibilityVersion = "Xcode 13.0";
			developmentRegion = en;
			hasScannedForEncodings = 0;
			knownRegions = (
				en,
				Base,
				sv,
			);
			mainGroup = 4DFD3D8928073E4A00D5FFB4;
			packageReferences = (
				4D225535280A2EFA00C80851 /* XCRemoteSwiftPackageReference "firebase-ios-sdk" */,
				4D028904280AE3310053D15D /* XCRemoteSwiftPackageReference "GoogleSignIn-iOS" */,
			);
			productRefGroup = 4DFD3D9328073E4A00D5FFB4 /* Products */;
			projectDirPath = "";
			projectRoot = "";
			targets = (
				4DFD3D9128073E4A00D5FFB4 /* Budget */,
			);
		};
/* End PBXProject section */

/* Begin PBXResourcesBuildPhase section */
		4DFD3D9028073E4A00D5FFB4 /* Resources */ = {
			isa = PBXResourcesBuildPhase;
			buildActionMask = 2147483647;
			files = (
				4DC4BDB1280B8457009E5859 /* Roboto-Medium.ttf in Resources */,
				4DFD3D9D28073E4B00D5FFB4 /* Preview Assets.xcassets in Resources */,
				4D225534280A1F4500C80851 /* GoogleService-Info.plist in Resources */,
				4DFD3DC52807432000D5FFB4 /* Localizable.strings in Resources */,
				4DFD3D9A28073E4B00D5FFB4 /* Assets.xcassets in Resources */,
			);
			runOnlyForDeploymentPostprocessing = 0;
		};
/* End PBXResourcesBuildPhase section */

/* Begin PBXSourcesBuildPhase section */
		4DFD3D8E28073E4A00D5FFB4 /* Sources */ = {
			isa = PBXSourcesBuildPhase;
			buildActionMask = 2147483647;
			files = (
				4DFF75AC28106E3100C40FF6 /* AddFriendView.swift in Sources */,
				4D68FC39280E3B3C00B9C5E4 /* FriendsView.swift in Sources */,
				4DFD3DAE2807409D00D5FFB4 /* HistoryView.swift in Sources */,
				4D3563A5280E102E007B83B0 /* SettingsRowsView.swift in Sources */,
				4D0F05CB280793FA0030AB5B /* TransactionView.swift in Sources */,
				4D3563A3280DC39D007B83B0 /* ErrorEnums.swift in Sources */,
				4D423DB0280F680300565641 /* NotificationsView.swift in Sources */,
				4D63BAE52808E42C00132E44 /* TransactionCategory+CoreDataClass.swift in Sources */,
				4DFD3DB4280740E000D5FFB4 /* SettingsView.swift in Sources */,
				4DFD3D9F28073E4B00D5FFB4 /* Persistence.swift in Sources */,
				4DFD3D9828073E4A00D5FFB4 /* ContentView.swift in Sources */,
				4D1E974728085FBF003C8802 /* Transaction+CoreDataClass.swift in Sources */,
				4D02890B280B196B0053D15D /* GoogleSignInButton.swift in Sources */,
				4DFF75B5281077E500C40FF6 /* FriendDetailView.swift in Sources */,
				4DFF75B12810739E00C40FF6 /* EditFriendNameView.swift in Sources */,
				4DFF75B32810772B00C40FF6 /* EditFriendPhoneView.swift in Sources */,
				4D6AC16D280CD86C00B8EA41 /* ErrorHandling.swift in Sources */,
				4DFD3DA228073E4B00D5FFB4 /* Budget.xcdatamodeld in Sources */,
				4D02890D280B304B0053D15D /* MyInformationView.swift in Sources */,
				4D1E973F28085459003C8802 /* WelcomeScreenView.swift in Sources */,
				4DFD3DBE2807414500D5FFB4 /* TransactionType.swift in Sources */,
				4DFD3DAA2807406800D5FFB4 /* HomeView.swift in Sources */,
				4D1E9744280857B6003C8802 /* LoginView.swift in Sources */,
				4D4B3E6C280C4AB100B78860 /* SignUpView.swift in Sources */,
				4D2255322809B65C00C80851 /* Utility.swift in Sources */,
				4D68FC45280E4A1800B9C5E4 /* ConnectFriendView.swift in Sources */,
				4D63BAE62808E42C00132E44 /* TransactionCategory+CoreDataProperties.swift in Sources */,
				4D6AC16F280CDF2E00B8EA41 /* TryButton.swift in Sources */,
				4DFD3D9628073E4A00D5FFB4 /* BudgetApp.swift in Sources */,
				4DFF75A72810691800C40FF6 /* Friend+CoreDataClass.swift in Sources */,
				4D1E974828085FBF003C8802 /* Transaction+CoreDataProperties.swift in Sources */,
				4D028909280B16E30053D15D /* AuthViewModel.swift in Sources */,
				4DFF75A82810691800C40FF6 /* Friend+CoreDataProperties.swift in Sources */,
				4DFD3DAC2807407D00D5FFB4 /* TransactionsView.swift in Sources */,
				4D1E974228085626003C8802 /* TransactionCategoriesView.swift in Sources */,
				4D22553D280A39F600C80851 /* SignInView.swift in Sources */,
				4DFD3DB6280740F300D5FFB4 /* QuickBalanceView.swift in Sources */,
				4DFF75A4281066BF00C40FF6 /* FirestoreViewModel.swift in Sources */,
				4DC4BDB3280B915E009E5859 /* EditPhoneView.swift in Sources */,
			);
			runOnlyForDeploymentPostprocessing = 0;
		};
/* End PBXSourcesBuildPhase section */

/* Begin PBXVariantGroup section */
		4DFD3DC72807432000D5FFB4 /* Localizable.strings */ = {
			isa = PBXVariantGroup;
			children = (
				4DFD3DC62807432000D5FFB4 /* en */,
				4DFD3DC82807432200D5FFB4 /* sv */,
			);
			name = Localizable.strings;
			sourceTree = "<group>";
		};
/* End PBXVariantGroup section */

/* Begin XCBuildConfiguration section */
		4DFD3DA328073E4B00D5FFB4 /* Debug */ = {
			isa = XCBuildConfiguration;
			buildSettings = {
				ALWAYS_SEARCH_USER_PATHS = NO;
				CLANG_ANALYZER_NONNULL = YES;
				CLANG_ANALYZER_NUMBER_OBJECT_CONVERSION = YES_AGGRESSIVE;
				CLANG_CXX_LANGUAGE_STANDARD = "gnu++17";
				CLANG_ENABLE_MODULES = YES;
				CLANG_ENABLE_OBJC_ARC = YES;
				CLANG_ENABLE_OBJC_WEAK = YES;
				CLANG_WARN_BLOCK_CAPTURE_AUTORELEASING = YES;
				CLANG_WARN_BOOL_CONVERSION = YES;
				CLANG_WARN_COMMA = YES;
				CLANG_WARN_CONSTANT_CONVERSION = YES;
				CLANG_WARN_DEPRECATED_OBJC_IMPLEMENTATIONS = YES;
				CLANG_WARN_DIRECT_OBJC_ISA_USAGE = YES_ERROR;
				CLANG_WARN_DOCUMENTATION_COMMENTS = YES;
				CLANG_WARN_EMPTY_BODY = YES;
				CLANG_WARN_ENUM_CONVERSION = YES;
				CLANG_WARN_INFINITE_RECURSION = YES;
				CLANG_WARN_INT_CONVERSION = YES;
				CLANG_WARN_NON_LITERAL_NULL_CONVERSION = YES;
				CLANG_WARN_OBJC_IMPLICIT_RETAIN_SELF = YES;
				CLANG_WARN_OBJC_LITERAL_CONVERSION = YES;
				CLANG_WARN_OBJC_ROOT_CLASS = YES_ERROR;
				CLANG_WARN_QUOTED_INCLUDE_IN_FRAMEWORK_HEADER = YES;
				CLANG_WARN_RANGE_LOOP_ANALYSIS = YES;
				CLANG_WARN_STRICT_PROTOTYPES = YES;
				CLANG_WARN_SUSPICIOUS_MOVE = YES;
				CLANG_WARN_UNGUARDED_AVAILABILITY = YES_AGGRESSIVE;
				CLANG_WARN_UNREACHABLE_CODE = YES;
				CLANG_WARN__DUPLICATE_METHOD_MATCH = YES;
				COPY_PHASE_STRIP = NO;
				DEBUG_INFORMATION_FORMAT = dwarf;
				ENABLE_STRICT_OBJC_MSGSEND = YES;
				ENABLE_TESTABILITY = YES;
				GCC_C_LANGUAGE_STANDARD = gnu11;
				GCC_DYNAMIC_NO_PIC = NO;
				GCC_NO_COMMON_BLOCKS = YES;
				GCC_OPTIMIZATION_LEVEL = 0;
				GCC_PREPROCESSOR_DEFINITIONS = (
					"DEBUG=1",
					"$(inherited)",
				);
				GCC_WARN_64_TO_32_BIT_CONVERSION = YES;
				GCC_WARN_ABOUT_RETURN_TYPE = YES_ERROR;
				GCC_WARN_UNDECLARED_SELECTOR = YES;
				GCC_WARN_UNINITIALIZED_AUTOS = YES_AGGRESSIVE;
				GCC_WARN_UNUSED_FUNCTION = YES;
				GCC_WARN_UNUSED_VARIABLE = YES;
				IPHONEOS_DEPLOYMENT_TARGET = 15.4;
				MTL_ENABLE_DEBUG_INFO = INCLUDE_SOURCE;
				MTL_FAST_MATH = YES;
				ONLY_ACTIVE_ARCH = YES;
				SDKROOT = iphoneos;
				SWIFT_ACTIVE_COMPILATION_CONDITIONS = DEBUG;
				SWIFT_OPTIMIZATION_LEVEL = "-Onone";
			};
			name = Debug;
		};
		4DFD3DA428073E4B00D5FFB4 /* Release */ = {
			isa = XCBuildConfiguration;
			buildSettings = {
				ALWAYS_SEARCH_USER_PATHS = NO;
				CLANG_ANALYZER_NONNULL = YES;
				CLANG_ANALYZER_NUMBER_OBJECT_CONVERSION = YES_AGGRESSIVE;
				CLANG_CXX_LANGUAGE_STANDARD = "gnu++17";
				CLANG_ENABLE_MODULES = YES;
				CLANG_ENABLE_OBJC_ARC = YES;
				CLANG_ENABLE_OBJC_WEAK = YES;
				CLANG_WARN_BLOCK_CAPTURE_AUTORELEASING = YES;
				CLANG_WARN_BOOL_CONVERSION = YES;
				CLANG_WARN_COMMA = YES;
				CLANG_WARN_CONSTANT_CONVERSION = YES;
				CLANG_WARN_DEPRECATED_OBJC_IMPLEMENTATIONS = YES;
				CLANG_WARN_DIRECT_OBJC_ISA_USAGE = YES_ERROR;
				CLANG_WARN_DOCUMENTATION_COMMENTS = YES;
				CLANG_WARN_EMPTY_BODY = YES;
				CLANG_WARN_ENUM_CONVERSION = YES;
				CLANG_WARN_INFINITE_RECURSION = YES;
				CLANG_WARN_INT_CONVERSION = YES;
				CLANG_WARN_NON_LITERAL_NULL_CONVERSION = YES;
				CLANG_WARN_OBJC_IMPLICIT_RETAIN_SELF = YES;
				CLANG_WARN_OBJC_LITERAL_CONVERSION = YES;
				CLANG_WARN_OBJC_ROOT_CLASS = YES_ERROR;
				CLANG_WARN_QUOTED_INCLUDE_IN_FRAMEWORK_HEADER = YES;
				CLANG_WARN_RANGE_LOOP_ANALYSIS = YES;
				CLANG_WARN_STRICT_PROTOTYPES = YES;
				CLANG_WARN_SUSPICIOUS_MOVE = YES;
				CLANG_WARN_UNGUARDED_AVAILABILITY = YES_AGGRESSIVE;
				CLANG_WARN_UNREACHABLE_CODE = YES;
				CLANG_WARN__DUPLICATE_METHOD_MATCH = YES;
				COPY_PHASE_STRIP = NO;
				DEBUG_INFORMATION_FORMAT = "dwarf-with-dsym";
				ENABLE_NS_ASSERTIONS = NO;
				ENABLE_STRICT_OBJC_MSGSEND = YES;
				GCC_C_LANGUAGE_STANDARD = gnu11;
				GCC_NO_COMMON_BLOCKS = YES;
				GCC_WARN_64_TO_32_BIT_CONVERSION = YES;
				GCC_WARN_ABOUT_RETURN_TYPE = YES_ERROR;
				GCC_WARN_UNDECLARED_SELECTOR = YES;
				GCC_WARN_UNINITIALIZED_AUTOS = YES_AGGRESSIVE;
				GCC_WARN_UNUSED_FUNCTION = YES;
				GCC_WARN_UNUSED_VARIABLE = YES;
				IPHONEOS_DEPLOYMENT_TARGET = 15.4;
				MTL_ENABLE_DEBUG_INFO = NO;
				MTL_FAST_MATH = YES;
				SDKROOT = iphoneos;
				SWIFT_COMPILATION_MODE = wholemodule;
				SWIFT_OPTIMIZATION_LEVEL = "-O";
				VALIDATE_PRODUCT = YES;
			};
			name = Release;
		};
		4DFD3DA628073E4B00D5FFB4 /* Debug */ = {
			isa = XCBuildConfiguration;
			buildSettings = {
				ASSETCATALOG_COMPILER_APPICON_NAME = AppIcon;
				ASSETCATALOG_COMPILER_GLOBAL_ACCENT_COLOR_NAME = AccentColor;
				CODE_SIGN_STYLE = Automatic;
				CURRENT_PROJECT_VERSION = 1;
				DEVELOPMENT_ASSET_PATHS = "\"Budget/Preview Content\"";
				DEVELOPMENT_TEAM = NNPX5ZKT2A;
				ENABLE_PREVIEWS = YES;
				GENERATE_INFOPLIST_FILE = YES;
				INFOPLIST_FILE = Budget/Info.plist;
				INFOPLIST_KEY_UIApplicationSceneManifest_Generation = YES;
				INFOPLIST_KEY_UIApplicationSupportsIndirectInputEvents = YES;
				INFOPLIST_KEY_UILaunchScreen_Generation = YES;
				INFOPLIST_KEY_UISupportedInterfaceOrientations = UIInterfaceOrientationPortrait;
				INFOPLIST_KEY_UISupportedInterfaceOrientations_iPad = "UIInterfaceOrientationPortrait UIInterfaceOrientationPortraitUpsideDown UIInterfaceOrientationLandscapeLeft UIInterfaceOrientationLandscapeRight";
				INFOPLIST_KEY_UISupportedInterfaceOrientations_iPhone = "UIInterfaceOrientationPortrait UIInterfaceOrientationLandscapeLeft UIInterfaceOrientationLandscapeRight";
				LD_RUNPATH_SEARCH_PATHS = (
					"$(inherited)",
					"@executable_path/Frameworks",
				);
				MARKETING_VERSION = 1.0;
				PRODUCT_BUNDLE_IDENTIFIER = com.samuelivarsson.Budget;
				PRODUCT_NAME = "$(TARGET_NAME)";
				SWIFT_EMIT_LOC_STRINGS = YES;
				SWIFT_VERSION = 5.0;
				TARGETED_DEVICE_FAMILY = "1,2";
			};
			name = Debug;
		};
		4DFD3DA728073E4B00D5FFB4 /* Release */ = {
			isa = XCBuildConfiguration;
			buildSettings = {
				ASSETCATALOG_COMPILER_APPICON_NAME = AppIcon;
				ASSETCATALOG_COMPILER_GLOBAL_ACCENT_COLOR_NAME = AccentColor;
				CODE_SIGN_STYLE = Automatic;
				CURRENT_PROJECT_VERSION = 1;
				DEVELOPMENT_ASSET_PATHS = "\"Budget/Preview Content\"";
				DEVELOPMENT_TEAM = NNPX5ZKT2A;
				ENABLE_PREVIEWS = YES;
				GENERATE_INFOPLIST_FILE = YES;
				INFOPLIST_FILE = Budget/Info.plist;
				INFOPLIST_KEY_UIApplicationSceneManifest_Generation = YES;
				INFOPLIST_KEY_UIApplicationSupportsIndirectInputEvents = YES;
				INFOPLIST_KEY_UILaunchScreen_Generation = YES;
				INFOPLIST_KEY_UISupportedInterfaceOrientations = UIInterfaceOrientationPortrait;
				INFOPLIST_KEY_UISupportedInterfaceOrientations_iPad = "UIInterfaceOrientationPortrait UIInterfaceOrientationPortraitUpsideDown UIInterfaceOrientationLandscapeLeft UIInterfaceOrientationLandscapeRight";
				INFOPLIST_KEY_UISupportedInterfaceOrientations_iPhone = "UIInterfaceOrientationPortrait UIInterfaceOrientationLandscapeLeft UIInterfaceOrientationLandscapeRight";
				LD_RUNPATH_SEARCH_PATHS = (
					"$(inherited)",
					"@executable_path/Frameworks",
				);
				MARKETING_VERSION = 1.0;
				PRODUCT_BUNDLE_IDENTIFIER = com.samuelivarsson.Budget;
				PRODUCT_NAME = "$(TARGET_NAME)";
				SWIFT_EMIT_LOC_STRINGS = YES;
				SWIFT_VERSION = 5.0;
				TARGETED_DEVICE_FAMILY = "1,2";
			};
			name = Release;
		};
/* End XCBuildConfiguration section */

/* Begin XCConfigurationList section */
		4DFD3D8D28073E4A00D5FFB4 /* Build configuration list for PBXProject "Budget" */ = {
			isa = XCConfigurationList;
			buildConfigurations = (
				4DFD3DA328073E4B00D5FFB4 /* Debug */,
				4DFD3DA428073E4B00D5FFB4 /* Release */,
			);
			defaultConfigurationIsVisible = 0;
			defaultConfigurationName = Release;
		};
		4DFD3DA528073E4B00D5FFB4 /* Build configuration list for PBXNativeTarget "Budget" */ = {
			isa = XCConfigurationList;
			buildConfigurations = (
				4DFD3DA628073E4B00D5FFB4 /* Debug */,
				4DFD3DA728073E4B00D5FFB4 /* Release */,
			);
			defaultConfigurationIsVisible = 0;
			defaultConfigurationName = Release;
		};
/* End XCConfigurationList section */

/* Begin XCRemoteSwiftPackageReference section */
		4D028904280AE3310053D15D /* XCRemoteSwiftPackageReference "GoogleSignIn-iOS" */ = {
			isa = XCRemoteSwiftPackageReference;
			repositoryURL = "https://github.com/google/GoogleSignIn-iOS";
			requirement = {
				kind = upToNextMajorVersion;
				minimumVersion = 6.0.0;
			};
		};
		4D225535280A2EFA00C80851 /* XCRemoteSwiftPackageReference "firebase-ios-sdk" */ = {
			isa = XCRemoteSwiftPackageReference;
			repositoryURL = "https://github.com/firebase/firebase-ios-sdk";
			requirement = {
				kind = upToNextMajorVersion;
				minimumVersion = 8.0.0;
			};
		};
/* End XCRemoteSwiftPackageReference section */

/* Begin XCSwiftPackageProductDependency section */
		4D028905280AE3310053D15D /* GoogleSignIn */ = {
			isa = XCSwiftPackageProductDependency;
			package = 4D028904280AE3310053D15D /* XCRemoteSwiftPackageReference "GoogleSignIn-iOS" */;
			productName = GoogleSignIn;
		};
		4D225536280A2EFA00C80851 /* FirebaseAnalytics */ = {
			isa = XCSwiftPackageProductDependency;
			package = 4D225535280A2EFA00C80851 /* XCRemoteSwiftPackageReference "firebase-ios-sdk" */;
			productName = FirebaseAnalytics;
		};
		4D225538280A2EFA00C80851 /* FirebaseAuth */ = {
			isa = XCSwiftPackageProductDependency;
			package = 4D225535280A2EFA00C80851 /* XCRemoteSwiftPackageReference "firebase-ios-sdk" */;
			productName = FirebaseAuth;
		};
		4D22553A280A2EFA00C80851 /* FirebaseMessaging */ = {
			isa = XCSwiftPackageProductDependency;
			package = 4D225535280A2EFA00C80851 /* XCRemoteSwiftPackageReference "firebase-ios-sdk" */;
			productName = FirebaseMessaging;
		};
		4DFA1E60281041940065197D /* FirebaseFirestore */ = {
			isa = XCSwiftPackageProductDependency;
			package = 4D225535280A2EFA00C80851 /* XCRemoteSwiftPackageReference "firebase-ios-sdk" */;
			productName = FirebaseFirestore;
		};
/* End XCSwiftPackageProductDependency section */

/* Begin XCVersionGroup section */
		4DFD3DA028073E4B00D5FFB4 /* Budget.xcdatamodeld */ = {
			isa = XCVersionGroup;
			children = (
				4DFD3DA128073E4B00D5FFB4 /* Budget.xcdatamodel */,
			);
			currentVersion = 4DFD3DA128073E4B00D5FFB4 /* Budget.xcdatamodel */;
			path = Budget.xcdatamodeld;
			sourceTree = "<group>";
			versionGroupType = wrapper.xcdatamodel;
		};
/* End XCVersionGroup section */
	};
	rootObject = 4DFD3D8A28073E4A00D5FFB4 /* Project object */;
}
